
Microsoft Visual Studio Solution File, Format Version 12.00
# Visual Studio 15
VisualStudioVersion = 15.0.26228.4
MinimumVisualStudioVersion = 10.0.40219.1
Project("{9A19103F-16F7-4668-BE54-9A1E7A4F7556}") = "App.Web", "App.Web\App.Web.csproj", "{F2E84972-F0FD-4DE8-89F4-4508EF92DF9D}"
EndProject
Global
	GlobalSection(SolutionConfigurationPlatforms) = preSolution
		Debug|Any CPU = Debug|Any CPU
		Release|Any CPU = Release|Any CPU
	EndGlobalSection
	GlobalSection(ProjectConfigurationPlatforms) = postSolution
		{F2E84972-F0FD-4DE8-89F4-4508EF92DF9D}.Debug|Any CPU.ActiveCfg = Debug|Any CPU
		{F2E84972-F0FD-4DE8-89F4-4508EF92DF9D}.Debug|Any CPU.Build.0 = Debug|Any CPU
		{F2E84972-F0FD-4DE8-89F4-4508EF92DF9D}.Release|Any CPU.ActiveCfg = Release|Any CPU
		{F2E84972-F0FD-4DE8-89F4-4508EF92DF9D}.Release|Any CPU.Build.0 = Release|Any CPU
	EndGlobalSection
	GlobalSection(SolutionProperties) = preSolution
		HideSolutionNode = FALSE
	EndGlobalSection
	GlobalSection(ExtensibilityGlobals) = postSolution
		SolutionGuid = {EAF8D204-36CA-4A3F-869E-EEF69CC74A6D}
	EndGlobalSection
EndGlobal
